
Microsoft Visual Studio Solution File, Format Version 12.00
# Visual Studio Version 17
VisualStudioVersion = 17.0.31903.59
MinimumVisualStudioVersion = 10.0.40219.1
Project("{2150E333-8FDC-42A3-9474-1A3956D46DE8}") = "tests", "tests", "{0AB3BF05-4346-4AA6-1389-037BE0695223}"
EndProject
Project("{FAE04EC0-301F-11D3-BF4B-00C04F79EFBC}") = "FleetTelemetry.Architecture.Tests", "tests\FleetTelemetry.Architecture.Tests\FleetTelemetry.Architecture.Tests.csproj", "{38476C49-7DAD-4707-8561-9C700EAE5994}"
EndProject
Project("{2150E333-8FDC-42A3-9474-1A3956D46DE8}") = "src", "src", "{827E0CD3-B72D-47B6-A68D-7590B98EB39B}"
EndProject
Project("{2150E333-8FDC-42A3-9474-1A3956D46DE8}") = "BuildingBlocks", "BuildingBlocks", "{90298CBA-BD6F-3A0A-69D5-97CAD7B05E7E}"
EndProject
Project("{FAE04EC0-301F-11D3-BF4B-00C04F79EFBC}") = "FleetTelemetry.Domain", "src\BuildingBlocks\FleetTelemetry.Domain\FleetTelemetry.Domain.csproj", "{BF333694-8820-4326-A8ED-F0BE71D5DF79}"
EndProject
Project("{FAE04EC0-301F-11D3-BF4B-00C04F79EFBC}") = "FleetTelemetry.Application", "src\BuildingBlocks\FleetTelemetry.Application\FleetTelemetry.Application.csproj", "{92DBD0F7-2333-45F8-9977-51B3D6E41A01}"
EndProject
Project("{FAE04EC0-301F-11D3-BF4B-00C04F79EFBC}") = "FleetTelemetry.Infrastructure", "src\BuildingBlocks\FleetTelemetry.Infrastructure\FleetTelemetry.Infrastructure.csproj", "{DB829FC6-26D7-4BE0-9F8F-59D67B44FA39}"
EndProject
Project("{FAE04EC0-301F-11D3-BF4B-00C04F79EFBC}") = "FleetTelemetry.Contracts", "src\BuildingBlocks\FleetTelemetry.Contracts\FleetTelemetry.Contracts.csproj", "{67EC3460-B0F4-479A-A559-C4CBF490BB88}"
EndProject
Project("{FAE04EC0-301F-11D3-BF4B-00C04F79EFBC}") = "FleetTelemetry.Domain.Tests", "tests\FleetTelemetry.Domain.Tests\FleetTelemetry.Domain.Tests.csproj", "{CAFBCB30-6C77-4F26-B56A-F171C3760619}"
EndProject
Project("{FAE04EC0-301F-11D3-BF4B-00C04F79EFBC}") = "FleetTelemetry.Integration.Tests", "tests\FleetTelemetry.Integration.Tests\FleetTelemetry.Integration.Tests.csproj", "{301CA806-B145-4DC2-8442-BB5BE9E7F26C}"
EndProject
Project("{2150E333-8FDC-42A3-9474-1A3956D46DE8}") = "Services", "Services", "{984BB9B3-3FA3-BE33-9484-CAC21695A33C}"
EndProject
Project("{FAE04EC0-301F-11D3-BF4B-00C04F79EFBC}") = "FleetTelemetry.Ingestion.Api", "src\Services\FleetTelemetry.Ingestion.Api\FleetTelemetry.Ingestion.Api.csproj", "{CCC2783D-997F-4049-B41F-4E3EE9473584}"
EndProject
Project("{FAE04EC0-301F-11D3-BF4B-00C04F79EFBC}") = "FleetTelemetry.Application.Tests", "tests\FleetTelemetry.Application.Tests\FleetTelemetry.Application.Tests.csproj", "{1B44D501-9526-47A7-9805-D1C37679DF72}"
EndProject
Project("{2150E333-8FDC-42A3-9474-1A3956D46DE8}") = "Tools", "Tools", "{DCB6FCB8-FF92-AC57-0842-1F72A354D6B1}"
EndProject
Project("{FAE04EC0-301F-11D3-BF4B-00C04F79EFBC}") = "FleetTelemetry.Simulator", "src\Tools\FleetTelemetry.Simulator\FleetTelemetry.Simulator.csproj", "{E198AB30-0529-445D-A242-13EC8D0C5229}"
EndProject
Project("{FAE04EC0-301F-11D3-BF4B-00C04F79EFBC}") = "FleetTelemetry.Processing.Worker", "src\Services\FleetTelemetry.Processing.Worker\FleetTelemetry.Processing.Worker.csproj", "{CB168632-1B76-4045-AD8F-DD5F20A026AF}"
EndProject
Project("{FAE04EC0-301F-11D3-BF4B-00C04F79EFBC}") = "FleetTelemetry.Migrator", "src\Services\FleetTelemetry.Migrator\FleetTelemetry.Migrator.csproj", "{ED4EBF66-499F-4A3F-B345-887495F89226}"
EndProject
Project("{FAE04EC0-301F-11D3-BF4B-00C04F79EFBC}") = "FleetTelemetry.Query.Api", "src\Services\FleetTelemetry.Query.Api\FleetTelemetry.Query.Api.csproj", "{7D3D13DE-0596-45E0-B724-C28BE129AE43}"
EndProject
Project("{FAE04EC0-301F-11D3-BF4B-00C04F79EFBC}") = "FleetTelemetry.Infrastructure.Tests", "tests\FleetTelemetry.Infrastructure.Tests\FleetTelemetry.Infrastructure.Tests.csproj", "{8F10B712-62A1-44F2-87BE-83369A13665F}"
EndProject
Global
	GlobalSection(SolutionConfigurationPlatforms) = preSolution
		Debug|Any CPU = Debug|Any CPU
		Debug|x64 = Debug|x64
		Debug|x86 = Debug|x86
		Release|Any CPU = Release|Any CPU
		Release|x64 = Release|x64
		Release|x86 = Release|x86
	EndGlobalSection
	GlobalSection(ProjectConfigurationPlatforms) = postSolution
		{38476C49-7DAD-4707-8561-9C700EAE5994}.Debug|Any CPU.ActiveCfg = Debug|Any CPU
		{38476C49-7DAD-4707-8561-9C700EAE5994}.Debug|Any CPU.Build.0 = Debug|Any CPU
		{38476C49-7DAD-4707-8561-9C700EAE5994}.Debug|x64.ActiveCfg = Debug|Any CPU
		{38476C49-7DAD-4707-8561-9C700EAE5994}.Debug|x64.Build.0 = Debug|Any CPU
		{38476C49-7DAD-4707-8561-9C700EAE5994}.Debug|x86.ActiveCfg = Debug|Any CPU
		{38476C49-7DAD-4707-8561-9C700EAE5994}.Debug|x86.Build.0 = Debug|Any CPU
		{38476C49-7DAD-4707-8561-9C700EAE5994}.Release|Any CPU.ActiveCfg = Release|Any CPU
		{38476C49-7DAD-4707-8561-9C700EAE5994}.Release|Any CPU.Build.0 = Release|Any CPU
		{38476C49-7DAD-4707-8561-9C700EAE5994}.Release|x64.ActiveCfg = Release|Any CPU
		{38476C49-7DAD-4707-8561-9C700EAE5994}.Release|x64.Build.0 = Release|Any CPU
		{38476C49-7DAD-4707-8561-9C700EAE5994}.Release|x86.ActiveCfg = Release|Any CPU
		{38476C49-7DAD-4707-8561-9C700EAE5994}.Release|x86.Build.0 = Release|Any CPU
		{BF333694-8820-4326-A8ED-F0BE71D5DF79}.Debug|Any CPU.ActiveCfg = Debug|Any CPU
		{BF333694-8820-4326-A8ED-F0BE71D5DF79}.Debug|Any CPU.Build.0 = Debug|Any CPU
		{BF333694-8820-4326-A8ED-F0BE71D5DF79}.Debug|x64.ActiveCfg = Debug|Any CPU
		{BF333694-8820-4326-A8ED-F0BE71D5DF79}.Debug|x64.Build.0 = Debug|Any CPU
		{BF333694-8820-4326-A8ED-F0BE71D5DF79}.Debug|x86.ActiveCfg = Debug|Any CPU
		{BF333694-8820-4326-A8ED-F0BE71D5DF79}.Debug|x86.Build.0 = Debug|Any CPU
		{BF333694-8820-4326-A8ED-F0BE71D5DF79}.Release|Any CPU.ActiveCfg = Release|Any CPU
		{BF333694-8820-4326-A8ED-F0BE71D5DF79}.Release|Any CPU.Build.0 = Release|Any CPU
		{BF333694-8820-4326-A8ED-F0BE71D5DF79}.Release|x64.ActiveCfg = Release|Any CPU
		{BF333694-8820-4326-A8ED-F0BE71D5DF79}.Release|x64.Build.0 = Release|Any CPU
		{BF333694-8820-4326-A8ED-F0BE71D5DF79}.Release|x86.ActiveCfg = Release|Any CPU
		{BF333694-8820-4326-A8ED-F0BE71D5DF79}.Release|x86.Build.0 = Release|Any CPU
		{92DBD0F7-2333-45F8-9977-51B3D6E41A01}.Debug|Any CPU.ActiveCfg = Debug|Any CPU
		{92DBD0F7-2333-45F8-9977-51B3D6E41A01}.Debug|Any CPU.Build.0 = Debug|Any CPU
		{92DBD0F7-2333-45F8-9977-51B3D6E41A01}.Debug|x64.ActiveCfg = Debug|Any CPU
		{92DBD0F7-2333-45F8-9977-51B3D6E41A01}.Debug|x64.Build.0 = Debug|Any CPU
		{92DBD0F7-2333-45F8-9977-51B3D6E41A01}.Debug|x86.ActiveCfg = Debug|Any CPU
		{92DBD0F7-2333-45F8-9977-51B3D6E41A01}.Debug|x86.Build.0 = Debug|Any CPU
		{92DBD0F7-2333-45F8-9977-51B3D6E41A01}.Release|Any CPU.ActiveCfg = Release|Any CPU
		{92DBD0F7-2333-45F8-9977-51B3D6E41A01}.Release|Any CPU.Build.0 = Release|Any CPU
		{92DBD0F7-2333-45F8-9977-51B3D6E41A01}.Release|x64.ActiveCfg = Release|Any CPU
		{92DBD0F7-2333-45F8-9977-51B3D6E41A01}.Release|x64.Build.0 = Release|Any CPU
		{92DBD0F7-2333-45F8-9977-51B3D6E41A01}.Release|x86.ActiveCfg = Release|Any CPU
		{92DBD0F7-2333-45F8-9977-51B3D6E41A01}.Release|x86.Build.0 = Release|Any CPU
		{DB829FC6-26D7-4BE0-9F8F-59D67B44FA39}.Debug|Any CPU.ActiveCfg = Debug|Any CPU
		{DB829FC6-26D7-4BE0-9F8F-59D67B44FA39}.Debug|Any CPU.Build.0 = Debug|Any CPU
		{DB829FC6-26D7-4BE0-9F8F-59D67B44FA39}.Debug|x64.ActiveCfg = Debug|Any CPU
		{DB829FC6-26D7-4BE0-9F8F-59D67B44FA39}.Debug|x64.Build.0 = Debug|Any CPU
		{DB829FC6-26D7-4BE0-9F8F-59D67B44FA39}.Debug|x86.ActiveCfg = Debug|Any CPU
		{DB829FC6-26D7-4BE0-9F8F-59D67B44FA39}.Debug|x86.Build.0 = Debug|Any CPU
		{DB829FC6-26D7-4BE0-9F8F-59D67B44FA39}.Release|Any CPU.ActiveCfg = Release|Any CPU
		{DB829FC6-26D7-4BE0-9F8F-59D67B44FA39}.Release|Any CPU.Build.0 = Release|Any CPU
		{DB829FC6-26D7-4BE0-9F8F-59D67B44FA39}.Release|x64.ActiveCfg = Release|Any CPU
		{DB829FC6-26D7-4BE0-9F8F-59D67B44FA39}.Release|x64.Build.0 = Release|Any CPU
		{DB829FC6-26D7-4BE0-9F8F-59D67B44FA39}.Release|x86.ActiveCfg = Release|Any CPU
		{DB829FC6-26D7-4BE0-9F8F-59D67B44FA39}.Release|x86.Build.0 = Release|Any CPU
		{67EC3460-B0F4-479A-A559-C4CBF490BB88}.Debug|Any CPU.ActiveCfg = Debug|Any CPU
		{67EC3460-B0F4-479A-A559-C4CBF490BB88}.Debug|Any CPU.Build.0 = Debug|Any CPU
		{67EC3460-B0F4-479A-A559-C4CBF490BB88}.Debug|x64.ActiveCfg = Debug|Any CPU
		{67EC3460-B0F4-479A-A559-C4CBF490BB88}.Debug|x64.Build.0 = Debug|Any CPU
		{67EC3460-B0F4-479A-A559-C4CBF490BB88}.Debug|x86.ActiveCfg = Debug|Any CPU
		{67EC3460-B0F4-479A-A559-C4CBF490BB88}.Debug|x86.Build.0 = Debug|Any CPU
		{67EC3460-B0F4-479A-A559-C4CBF490BB88}.Release|Any CPU.ActiveCfg = Release|Any CPU
		{67EC3460-B0F4-479A-A559-C4CBF490BB88}.Release|Any CPU.Build.0 = Release|Any CPU
		{67EC3460-B0F4-479A-A559-C4CBF490BB88}.Release|x64.ActiveCfg = Release|Any CPU
		{67EC3460-B0F4-479A-A559-C4CBF490BB88}.Release|x64.Build.0 = Release|Any CPU
		{67EC3460-B0F4-479A-A559-C4CBF490BB88}.Release|x86.ActiveCfg = Release|Any CPU
		{67EC3460-B0F4-479A-A559-C4CBF490BB88}.Release|x86.Build.0 = Release|Any CPU
		{CAFBCB30-6C77-4F26-B56A-F171C3760619}.Debug|Any CPU.ActiveCfg = Debug|Any CPU
		{CAFBCB30-6C77-4F26-B56A-F171C3760619}.Debug|Any CPU.Build.0 = Debug|Any CPU
		{CAFBCB30-6C77-4F26-B56A-F171C3760619}.Debug|x64.ActiveCfg = Debug|Any CPU
		{CAFBCB30-6C77-4F26-B56A-F171C3760619}.Debug|x64.Build.0 = Debug|Any CPU
		{CAFBCB30-6C77-4F26-B56A-F171C3760619}.Debug|x86.ActiveCfg = Debug|Any CPU
		{CAFBCB30-6C77-4F26-B56A-F171C3760619}.Debug|x86.Build.0 = Debug|Any CPU
		{CAFBCB30-6C77-4F26-B56A-F171C3760619}.Release|Any CPU.ActiveCfg = Release|Any CPU
		{CAFBCB30-6C77-4F26-B56A-F171C3760619}.Release|Any CPU.Build.0 = Release|Any CPU
		{CAFBCB30-6C77-4F26-B56A-F171C3760619}.Release|x64.ActiveCfg = Release|Any CPU
		{CAFBCB30-6C77-4F26-B56A-F171C3760619}.Release|x64.Build.0 = Release|Any CPU
		{CAFBCB30-6C77-4F26-B56A-F171C3760619}.Release|x86.ActiveCfg = Release|Any CPU
		{CAFBCB30-6C77-4F26-B56A-F171C3760619}.Release|x86.Build.0 = Release|Any CPU
		{301CA806-B145-4DC2-8442-BB5BE9E7F26C}.Debug|Any CPU.ActiveCfg = Debug|Any CPU
		{301CA806-B145-4DC2-8442-BB5BE9E7F26C}.Debug|Any CPU.Build.0 = Debug|Any CPU
		{301CA806-B145-4DC2-8442-BB5BE9E7F26C}.Debug|x64.ActiveCfg = Debug|Any CPU
		{301CA806-B145-4DC2-8442-BB5BE9E7F26C}.Debug|x64.Build.0 = Debug|Any CPU
		{301CA806-B145-4DC2-8442-BB5BE9E7F26C}.Debug|x86.ActiveCfg = Debug|Any CPU
		{301CA806-B145-4DC2-8442-BB5BE9E7F26C}.Debug|x86.Build.0 = Debug|Any CPU
		{301CA806-B145-4DC2-8442-BB5BE9E7F26C}.Release|Any CPU.ActiveCfg = Release|Any CPU
		{301CA806-B145-4DC2-8442-BB5BE9E7F26C}.Release|Any CPU.Build.0 = Release|Any CPU
		{301CA806-B145-4DC2-8442-BB5BE9E7F26C}.Release|x64.ActiveCfg = Release|Any CPU
		{301CA806-B145-4DC2-8442-BB5BE9E7F26C}.Release|x64.Build.0 = Release|Any CPU
		{301CA806-B145-4DC2-8442-BB5BE9E7F26C}.Release|x86.ActiveCfg = Release|Any CPU
		{301CA806-B145-4DC2-8442-BB5BE9E7F26C}.Release|x86.Build.0 = Release|Any CPU
		{CCC2783D-997F-4049-B41F-4E3EE9473584}.Debug|Any CPU.ActiveCfg = Debug|Any CPU
		{CCC2783D-997F-4049-B41F-4E3EE9473584}.Debug|Any CPU.Build.0 = Debug|Any CPU
		{CCC2783D-997F-4049-B41F-4E3EE9473584}.Debug|x64.ActiveCfg = Debug|Any CPU
		{CCC2783D-997F-4049-B41F-4E3EE9473584}.Debug|x64.Build.0 = Debug|Any CPU
		{CCC2783D-997F-4049-B41F-4E3EE9473584}.Debug|x86.ActiveCfg = Debug|Any CPU
		{CCC2783D-997F-4049-B41F-4E3EE9473584}.Debug|x86.Build.0 = Debug|Any CPU
		{CCC2783D-997F-4049-B41F-4E3EE9473584}.Release|Any CPU.ActiveCfg = Release|Any CPU
		{CCC2783D-997F-4049-B41F-4E3EE9473584}.Release|Any CPU.Build.0 = Release|Any CPU
		{CCC2783D-997F-4049-B41F-4E3EE9473584}.Release|x64.ActiveCfg = Release|Any CPU
		{CCC2783D-997F-4049-B41F-4E3EE9473584}.Release|x64.Build.0 = Release|Any CPU
		{CCC2783D-997F-4049-B41F-4E3EE9473584}.Release|x86.ActiveCfg = Release|Any CPU
		{CCC2783D-997F-4049-B41F-4E3EE9473584}.Release|x86.Build.0 = Release|Any CPU
		{1B44D501-9526-47A7-9805-D1C37679DF72}.Debug|Any CPU.ActiveCfg = Debug|Any CPU
		{1B44D501-9526-47A7-9805-D1C37679DF72}.Debug|Any CPU.Build.0 = Debug|Any CPU
		{1B44D501-9526-47A7-9805-D1C37679DF72}.Debug|x64.ActiveCfg = Debug|Any CPU
		{1B44D501-9526-47A7-9805-D1C37679DF72}.Debug|x64.Build.0 = Debug|Any CPU
		{1B44D501-9526-47A7-9805-D1C37679DF72}.Debug|x86.ActiveCfg = Debug|Any CPU
		{1B44D501-9526-47A7-9805-D1C37679DF72}.Debug|x86.Build.0 = Debug|Any CPU
		{1B44D501-9526-47A7-9805-D1C37679DF72}.Release|Any CPU.ActiveCfg = Release|Any CPU
		{1B44D501-9526-47A7-9805-D1C37679DF72}.Release|Any CPU.Build.0 = Release|Any CPU
		{1B44D501-9526-47A7-9805-D1C37679DF72}.Release|x64.ActiveCfg = Release|Any CPU
		{1B44D501-9526-47A7-9805-D1C37679DF72}.Release|x64.Build.0 = Release|Any CPU
		{1B44D501-9526-47A7-9805-D1C37679DF72}.Release|x86.ActiveCfg = Release|Any CPU
		{1B44D501-9526-47A7-9805-D1C37679DF72}.Release|x86.Build.0 = Release|Any CPU
		{E198AB30-0529-445D-A242-13EC8D0C5229}.Debug|Any CPU.ActiveCfg = Debug|Any CPU
		{E198AB30-0529-445D-A242-13EC8D0C5229}.Debug|Any CPU.Build.0 = Debug|Any CPU
		{E198AB30-0529-445D-A242-13EC8D0C5229}.Debug|x64.ActiveCfg = Debug|Any CPU
		{E198AB30-0529-445D-A242-13EC8D0C5229}.Debug|x64.Build.0 = Debug|Any CPU
		{E198AB30-0529-445D-A242-13EC8D0C5229}.Debug|x86.ActiveCfg = Debug|Any CPU
		{E198AB30-0529-445D-A242-13EC8D0C5229}.Debug|x86.Build.0 = Debug|Any CPU
		{E198AB30-0529-445D-A242-13EC8D0C5229}.Release|Any CPU.ActiveCfg = Release|Any CPU
		{E198AB30-0529-445D-A242-13EC8D0C5229}.Release|Any CPU.Build.0 = Release|Any CPU
		{E198AB30-0529-445D-A242-13EC8D0C5229}.Release|x64.ActiveCfg = Release|Any CPU
		{E198AB30-0529-445D-A242-13EC8D0C5229}.Release|x64.Build.0 = Release|Any CPU
		{E198AB30-0529-445D-A242-13EC8D0C5229}.Release|x86.ActiveCfg = Release|Any CPU
		{E198AB30-0529-445D-A242-13EC8D0C5229}.Release|x86.Build.0 = Release|Any CPU
		{CB168632-1B76-4045-AD8F-DD5F20A026AF}.Debug|Any CPU.ActiveCfg = Debug|Any CPU
		{CB168632-1B76-4045-AD8F-DD5F20A026AF}.Debug|Any CPU.Build.0 = Debug|Any CPU
		{CB168632-1B76-4045-AD8F-DD5F20A026AF}.Debug|x64.ActiveCfg = Debug|Any CPU
		{CB168632-1B76-4045-AD8F-DD5F20A026AF}.Debug|x64.Build.0 = Debug|Any CPU
		{CB168632-1B76-4045-AD8F-DD5F20A026AF}.Debug|x86.ActiveCfg = Debug|Any CPU
		{CB168632-1B76-4045-AD8F-DD5F20A026AF}.Debug|x86.Build.0 = Debug|Any CPU
		{CB168632-1B76-4045-AD8F-DD5F20A026AF}.Release|Any CPU.ActiveCfg = Release|Any CPU
		{CB168632-1B76-4045-AD8F-DD5F20A026AF}.Release|Any CPU.Build.0 = Release|Any CPU
		{CB168632-1B76-4045-AD8F-DD5F20A026AF}.Release|x64.ActiveCfg = Release|Any CPU
		{CB168632-1B76-4045-AD8F-DD5F20A026AF}.Release|x64.Build.0 = Release|Any CPU
		{CB168632-1B76-4045-AD8F-DD5F20A026AF}.Release|x86.ActiveCfg = Release|Any CPU
		{CB168632-1B76-4045-AD8F-DD5F20A026AF}.Release|x86.Build.0 = Release|Any CPU
		{ED4EBF66-499F-4A3F-B345-887495F89226}.Debug|Any CPU.ActiveCfg = Debug|Any CPU
		{ED4EBF66-499F-4A3F-B345-887495F89226}.Debug|Any CPU.Build.0 = Debug|Any CPU
		{ED4EBF66-499F-4A3F-B345-887495F89226}.Debug|x64.ActiveCfg = Debug|Any CPU
		{ED4EBF66-499F-4A3F-B345-887495F89226}.Debug|x64.Build.0 = Debug|Any CPU
		{ED4EBF66-499F-4A3F-B345-887495F89226}.Debug|x86.ActiveCfg = Debug|Any CPU
		{ED4EBF66-499F-4A3F-B345-887495F89226}.Debug|x86.Build.0 = Debug|Any CPU
		{ED4EBF66-499F-4A3F-B345-887495F89226}.Release|Any CPU.ActiveCfg = Release|Any CPU
		{ED4EBF66-499F-4A3F-B345-887495F89226}.Release|Any CPU.Build.0 = Release|Any CPU
		{ED4EBF66-499F-4A3F-B345-887495F89226}.Release|x64.ActiveCfg = Release|Any CPU
		{ED4EBF66-499F-4A3F-B345-887495F89226}.Release|x64.Build.0 = Release|Any CPU
		{ED4EBF66-499F-4A3F-B345-887495F89226}.Release|x86.ActiveCfg = Release|Any CPU
		{ED4EBF66-499F-4A3F-B345-887495F89226}.Release|x86.Build.0 = Release|Any CPU
		{7D3D13DE-0596-45E0-B724-C28BE129AE43}.Debug|Any CPU.ActiveCfg = Debug|Any CPU
		{7D3D13DE-0596-45E0-B724-C28BE129AE43}.Debug|Any CPU.Build.0 = Debug|Any CPU
		{7D3D13DE-0596-45E0-B724-C28BE129AE43}.Debug|x64.ActiveCfg = Debug|Any CPU
		{7D3D13DE-0596-45E0-B724-C28BE129AE43}.Debug|x64.Build.0 = Debug|Any CPU
		{7D3D13DE-0596-45E0-B724-C28BE129AE43}.Debug|x86.ActiveCfg = Debug|Any CPU
		{7D3D13DE-0596-45E0-B724-C28BE129AE43}.Debug|x86.Build.0 = Debug|Any CPU
		{7D3D13DE-0596-45E0-B724-C28BE129AE43}.Release|Any CPU.ActiveCfg = Release|Any CPU
		{7D3D13DE-0596-45E0-B724-C28BE129AE43}.Release|Any CPU.Build.0 = Release|Any CPU
		{7D3D13DE-0596-45E0-B724-C28BE129AE43}.Release|x64.ActiveCfg = Release|Any CPU
		{7D3D13DE-0596-45E0-B724-C28BE129AE43}.Release|x64.Build.0 = Release|Any CPU
		{7D3D13DE-0596-45E0-B724-C28BE129AE43}.Release|x86.ActiveCfg = Release|Any CPU
		{7D3D13DE-0596-45E0-B724-C28BE129AE43}.Release|x86.Build.0 = Release|Any CPU
		{8F10B712-62A1-44F2-87BE-83369A13665F}.Debug|Any CPU.ActiveCfg = Debug|Any CPU
		{8F10B712-62A1-44F2-87BE-83369A13665F}.Debug|Any CPU.Build.0 = Debug|Any CPU
		{8F10B712-62A1-44F2-87BE-83369A13665F}.Debug|x64.ActiveCfg = Debug|Any CPU
		{8F10B712-62A1-44F2-87BE-83369A13665F}.Debug|x64.Build.0 = Debug|Any CPU
		{8F10B712-62A1-44F2-87BE-83369A13665F}.Debug|x86.ActiveCfg = Debug|Any CPU
		{8F10B712-62A1-44F2-87BE-83369A13665F}.Debug|x86.Build.0 = Debug|Any CPU
		{8F10B712-62A1-44F2-87BE-83369A13665F}.Release|Any CPU.ActiveCfg = Release|Any CPU
		{8F10B712-62A1-44F2-87BE-83369A13665F}.Release|Any CPU.Build.0 = Release|Any CPU
		{8F10B712-62A1-44F2-87BE-83369A13665F}.Release|x64.ActiveCfg = Release|Any CPU
		{8F10B712-62A1-44F2-87BE-83369A13665F}.Release|x64.Build.0 = Release|Any CPU
		{8F10B712-62A1-44F2-87BE-83369A13665F}.Release|x86.ActiveCfg = Release|Any CPU
		{8F10B712-62A1-44F2-87BE-83369A13665F}.Release|x86.Build.0 = Release|Any CPU
	EndGlobalSection
	GlobalSection(SolutionProperties) = preSolution
		HideSolutionNode = FALSE
	EndGlobalSection
	GlobalSection(NestedProjects) = preSolution
		{38476C49-7DAD-4707-8561-9C700EAE5994} = {0AB3BF05-4346-4AA6-1389-037BE0695223}
		{90298CBA-BD6F-3A0A-69D5-97CAD7B05E7E} = {827E0CD3-B72D-47B6-A68D-7590B98EB39B}
		{BF333694-8820-4326-A8ED-F0BE71D5DF79} = {90298CBA-BD6F-3A0A-69D5-97CAD7B05E7E}
		{92DBD0F7-2333-45F8-9977-51B3D6E41A01} = {90298CBA-BD6F-3A0A-69D5-97CAD7B05E7E}
		{DB829FC6-26D7-4BE0-9F8F-59D67B44FA39} = {90298CBA-BD6F-3A0A-69D5-97CAD7B05E7E}
		{67EC3460-B0F4-479A-A559-C4CBF490BB88} = {90298CBA-BD6F-3A0A-69D5-97CAD7B05E7E}
		{CAFBCB30-6C77-4F26-B56A-F171C3760619} = {0AB3BF05-4346-4AA6-1389-037BE0695223}
		{301CA806-B145-4DC2-8442-BB5BE9E7F26C} = {0AB3BF05-4346-4AA6-1389-037BE0695223}
		{984BB9B3-3FA3-BE33-9484-CAC21695A33C} = {827E0CD3-B72D-47B6-A68D-7590B98EB39B}
		{CCC2783D-997F-4049-B41F-4E3EE9473584} = {984BB9B3-3FA3-BE33-9484-CAC21695A33C}
		{1B44D501-9526-47A7-9805-D1C37679DF72} = {0AB3BF05-4346-4AA6-1389-037BE0695223}
		{DCB6FCB8-FF92-AC57-0842-1F72A354D6B1} = {827E0CD3-B72D-47B6-A68D-7590B98EB39B}
		{E198AB30-0529-445D-A242-13EC8D0C5229} = {DCB6FCB8-FF92-AC57-0842-1F72A354D6B1}
		{CB168632-1B76-4045-AD8F-DD5F20A026AF} = {984BB9B3-3FA3-BE33-9484-CAC21695A33C}
		{ED4EBF66-499F-4A3F-B345-887495F89226} = {984BB9B3-3FA3-BE33-9484-CAC21695A33C}
		{7D3D13DE-0596-45E0-B724-C28BE129AE43} = {984BB9B3-3FA3-BE33-9484-CAC21695A33C}
		{8F10B712-62A1-44F2-87BE-83369A13665F} = {0AB3BF05-4346-4AA6-1389-037BE0695223}
	EndGlobalSection
EndGlobal
